
Microsoft Visual Studio Solution File, Format Version 12.00
# Visual Studio Version 16
VisualStudioVersion = 16.0.31702.278
MinimumVisualStudioVersion = 10.0.40219.1
Project("{FAE04EC0-301F-11D3-BF4B-00C04F79EFBC}") = "For_9", "For_9\For_9.csproj", "{0980F86F-2D54-4D1F-AB81-79EDD468E671}"
EndProject
Global
	GlobalSection(SolutionConfigurationPlatforms) = preSolution
		Debug|Any CPU = Debug|Any CPU
		Release|Any CPU = Release|Any CPU
	EndGlobalSection
	GlobalSection(ProjectConfigurationPlatforms) = postSolution
		{0980F86F-2D54-4D1F-AB81-79EDD468E671}.Debug|Any CPU.ActiveCfg = Debug|Any CPU
		{0980F86F-2D54-4D1F-AB81-79EDD468E671}.Debug|Any CPU.Build.0 = Debug|Any CPU
		{0980F86F-2D54-4D1F-AB81-79EDD468E671}.Release|Any CPU.ActiveCfg = Release|Any CPU
		{0980F86F-2D54-4D1F-AB81-79EDD468E671}.Release|Any CPU.Build.0 = Release|Any CPU
	EndGlobalSection
	GlobalSection(SolutionProperties) = preSolution
		HideSolutionNode = FALSE
	EndGlobalSection
	GlobalSection(ExtensibilityGlobals) = postSolution
		SolutionGuid = {D2590642-E8CB-4B82-8D53-3139A07BBF4A}
	EndGlobalSection
EndGlobal
