
Microsoft Visual Studio Solution File, Format Version 12.00
# Visual Studio Version 16
VisualStudioVersion = 16.0.31702.278
MinimumVisualStudioVersion = 10.0.40219.1
Project("{FAE04EC0-301F-11D3-BF4B-00C04F79EFBC}") = "String_1", "String_1\String_1.csproj", "{77966401-79CD-4644-BDCE-42218BD748DB}"
EndProject
Global
	GlobalSection(SolutionConfigurationPlatforms) = preSolution
		Debug|Any CPU = Debug|Any CPU
		Release|Any CPU = Release|Any CPU
	EndGlobalSection
	GlobalSection(ProjectConfigurationPlatforms) = postSolution
		{77966401-79CD-4644-BDCE-42218BD748DB}.Debug|Any CPU.ActiveCfg = Debug|Any CPU
		{77966401-79CD-4644-BDCE-42218BD748DB}.Debug|Any CPU.Build.0 = Debug|Any CPU
		{77966401-79CD-4644-BDCE-42218BD748DB}.Release|Any CPU.ActiveCfg = Release|Any CPU
		{77966401-79CD-4644-BDCE-42218BD748DB}.Release|Any CPU.Build.0 = Release|Any CPU
	EndGlobalSection
	GlobalSection(SolutionProperties) = preSolution
		HideSolutionNode = FALSE
	EndGlobalSection
	GlobalSection(ExtensibilityGlobals) = postSolution
		SolutionGuid = {EC19CB49-6D0A-4ABE-B7C1-11B15713977A}
	EndGlobalSection
EndGlobal
