
Microsoft Visual Studio Solution File, Format Version 12.00
# Visual Studio Version 16
VisualStudioVersion = 16.0.31702.278
MinimumVisualStudioVersion = 10.0.40219.1
Project("{FAE04EC0-301F-11D3-BF4B-00C04F79EFBC}") = "Array4", "Array4\Array4.csproj", "{06987C4F-CB5E-4FF7-8A66-1C88E81726F8}"
EndProject
Global
	GlobalSection(SolutionConfigurationPlatforms) = preSolution
		Debug|Any CPU = Debug|Any CPU
		Release|Any CPU = Release|Any CPU
	EndGlobalSection
	GlobalSection(ProjectConfigurationPlatforms) = postSolution
		{06987C4F-CB5E-4FF7-8A66-1C88E81726F8}.Debug|Any CPU.ActiveCfg = Debug|Any CPU
		{06987C4F-CB5E-4FF7-8A66-1C88E81726F8}.Debug|Any CPU.Build.0 = Debug|Any CPU
		{06987C4F-CB5E-4FF7-8A66-1C88E81726F8}.Release|Any CPU.ActiveCfg = Release|Any CPU
		{06987C4F-CB5E-4FF7-8A66-1C88E81726F8}.Release|Any CPU.Build.0 = Release|Any CPU
	EndGlobalSection
	GlobalSection(SolutionProperties) = preSolution
		HideSolutionNode = FALSE
	EndGlobalSection
	GlobalSection(ExtensibilityGlobals) = postSolution
		SolutionGuid = {579FF4FA-06C3-4EA6-A151-6F2F9E976B62}
	EndGlobalSection
EndGlobal
