
Microsoft Visual Studio Solution File, Format Version 12.00
# Visual Studio Version 16
VisualStudioVersion = 16.0.31702.278
MinimumVisualStudioVersion = 10.0.40219.1
Project("{FAE04EC0-301F-11D3-BF4B-00C04F79EFBC}") = "NumTheory_1", "NumTheory_1\NumTheory_1.csproj", "{A67A5DE8-5D86-40DD-B827-08B102A2A950}"
EndProject
Global
	GlobalSection(SolutionConfigurationPlatforms) = preSolution
		Debug|Any CPU = Debug|Any CPU
		Release|Any CPU = Release|Any CPU
	EndGlobalSection
	GlobalSection(ProjectConfigurationPlatforms) = postSolution
		{A67A5DE8-5D86-40DD-B827-08B102A2A950}.Debug|Any CPU.ActiveCfg = Debug|Any CPU
		{A67A5DE8-5D86-40DD-B827-08B102A2A950}.Debug|Any CPU.Build.0 = Debug|Any CPU
		{A67A5DE8-5D86-40DD-B827-08B102A2A950}.Release|Any CPU.ActiveCfg = Release|Any CPU
		{A67A5DE8-5D86-40DD-B827-08B102A2A950}.Release|Any CPU.Build.0 = Release|Any CPU
	EndGlobalSection
	GlobalSection(SolutionProperties) = preSolution
		HideSolutionNode = FALSE
	EndGlobalSection
	GlobalSection(ExtensibilityGlobals) = postSolution
		SolutionGuid = {E173C41F-F9C9-449F-9FB0-B2C2BB0B84A8}
	EndGlobalSection
EndGlobal
