
Microsoft Visual Studio Solution File, Format Version 12.00
# Visual Studio Version 16
VisualStudioVersion = 16.0.31702.278
MinimumVisualStudioVersion = 10.0.40219.1
Project("{FAE04EC0-301F-11D3-BF4B-00C04F79EFBC}") = "ConsoleApp4", "ConsoleApp4\ConsoleApp4.csproj", "{1A26B6B5-9645-4535-A0CE-B4803D015750}"
EndProject
Global
	GlobalSection(SolutionConfigurationPlatforms) = preSolution
		Debug|Any CPU = Debug|Any CPU
		Release|Any CPU = Release|Any CPU
	EndGlobalSection
	GlobalSection(ProjectConfigurationPlatforms) = postSolution
		{1A26B6B5-9645-4535-A0CE-B4803D015750}.Debug|Any CPU.ActiveCfg = Debug|Any CPU
		{1A26B6B5-9645-4535-A0CE-B4803D015750}.Debug|Any CPU.Build.0 = Debug|Any CPU
		{1A26B6B5-9645-4535-A0CE-B4803D015750}.Release|Any CPU.ActiveCfg = Release|Any CPU
		{1A26B6B5-9645-4535-A0CE-B4803D015750}.Release|Any CPU.Build.0 = Release|Any CPU
	EndGlobalSection
	GlobalSection(SolutionProperties) = preSolution
		HideSolutionNode = FALSE
	EndGlobalSection
	GlobalSection(ExtensibilityGlobals) = postSolution
		SolutionGuid = {D5CC4EF3-EB1B-409E-967F-F6B1B6526735}
	EndGlobalSection
EndGlobal
