
Microsoft Visual Studio Solution File, Format Version 12.00
# Visual Studio Version 16
VisualStudioVersion = 16.0.31702.278
MinimumVisualStudioVersion = 10.0.40219.1
Project("{FAE04EC0-301F-11D3-BF4B-00C04F79EFBC}") = "string_5", "string_5\string_5.csproj", "{B3E4C882-457F-4EFA-A1BA-1CEE16D425CB}"
EndProject
Global
	GlobalSection(SolutionConfigurationPlatforms) = preSolution
		Debug|Any CPU = Debug|Any CPU
		Release|Any CPU = Release|Any CPU
	EndGlobalSection
	GlobalSection(ProjectConfigurationPlatforms) = postSolution
		{B3E4C882-457F-4EFA-A1BA-1CEE16D425CB}.Debug|Any CPU.ActiveCfg = Debug|Any CPU
		{B3E4C882-457F-4EFA-A1BA-1CEE16D425CB}.Debug|Any CPU.Build.0 = Debug|Any CPU
		{B3E4C882-457F-4EFA-A1BA-1CEE16D425CB}.Release|Any CPU.ActiveCfg = Release|Any CPU
		{B3E4C882-457F-4EFA-A1BA-1CEE16D425CB}.Release|Any CPU.Build.0 = Release|Any CPU
	EndGlobalSection
	GlobalSection(SolutionProperties) = preSolution
		HideSolutionNode = FALSE
	EndGlobalSection
	GlobalSection(ExtensibilityGlobals) = postSolution
		SolutionGuid = {3963DDB4-11DF-4604-89D6-EA98A493BD78}
	EndGlobalSection
EndGlobal
