
Microsoft Visual Studio Solution File, Format Version 12.00
# Visual Studio Version 16
VisualStudioVersion = 16.0.31702.278
MinimumVisualStudioVersion = 10.0.40219.1
Project("{FAE04EC0-301F-11D3-BF4B-00C04F79EFBC}") = "Sort_2", "Sort_2\Sort_2.csproj", "{79CB5A66-E840-4620-9F1D-190DABA46258}"
EndProject
Global
	GlobalSection(SolutionConfigurationPlatforms) = preSolution
		Debug|Any CPU = Debug|Any CPU
		Release|Any CPU = Release|Any CPU
	EndGlobalSection
	GlobalSection(ProjectConfigurationPlatforms) = postSolution
		{79CB5A66-E840-4620-9F1D-190DABA46258}.Debug|Any CPU.ActiveCfg = Debug|Any CPU
		{79CB5A66-E840-4620-9F1D-190DABA46258}.Debug|Any CPU.Build.0 = Debug|Any CPU
		{79CB5A66-E840-4620-9F1D-190DABA46258}.Release|Any CPU.ActiveCfg = Release|Any CPU
		{79CB5A66-E840-4620-9F1D-190DABA46258}.Release|Any CPU.Build.0 = Release|Any CPU
	EndGlobalSection
	GlobalSection(SolutionProperties) = preSolution
		HideSolutionNode = FALSE
	EndGlobalSection
	GlobalSection(ExtensibilityGlobals) = postSolution
		SolutionGuid = {DA993CBD-31DF-493A-831B-7A9E592E5A1D}
	EndGlobalSection
EndGlobal
