
Microsoft Visual Studio Solution File, Format Version 12.00
# Visual Studio Version 16
VisualStudioVersion = 16.0.31702.278
MinimumVisualStudioVersion = 10.0.40219.1
Project("{FAE04EC0-301F-11D3-BF4B-00C04F79EFBC}") = "bruteForce_5", "bruteForce_5\bruteForce_5.csproj", "{0E72D24C-3D91-47A9-82AF-4AFBE87F86BE}"
EndProject
Global
	GlobalSection(SolutionConfigurationPlatforms) = preSolution
		Debug|Any CPU = Debug|Any CPU
		Release|Any CPU = Release|Any CPU
	EndGlobalSection
	GlobalSection(ProjectConfigurationPlatforms) = postSolution
		{0E72D24C-3D91-47A9-82AF-4AFBE87F86BE}.Debug|Any CPU.ActiveCfg = Debug|Any CPU
		{0E72D24C-3D91-47A9-82AF-4AFBE87F86BE}.Debug|Any CPU.Build.0 = Debug|Any CPU
		{0E72D24C-3D91-47A9-82AF-4AFBE87F86BE}.Release|Any CPU.ActiveCfg = Release|Any CPU
		{0E72D24C-3D91-47A9-82AF-4AFBE87F86BE}.Release|Any CPU.Build.0 = Release|Any CPU
	EndGlobalSection
	GlobalSection(SolutionProperties) = preSolution
		HideSolutionNode = FALSE
	EndGlobalSection
	GlobalSection(ExtensibilityGlobals) = postSolution
		SolutionGuid = {744D02D4-6574-4F5B-9232-3272312259A6}
	EndGlobalSection
EndGlobal
