
Microsoft Visual Studio Solution File, Format Version 12.00
# Visual Studio Version 16
VisualStudioVersion = 16.0.31702.278
MinimumVisualStudioVersion = 10.0.40219.1
Project("{FAE04EC0-301F-11D3-BF4B-00C04F79EFBC}") = "Sort_3", "Sort_3\Sort_3.csproj", "{3131CB07-DF7B-427F-926A-9B0C0B8DF7AF}"
EndProject
Global
	GlobalSection(SolutionConfigurationPlatforms) = preSolution
		Debug|Any CPU = Debug|Any CPU
		Release|Any CPU = Release|Any CPU
	EndGlobalSection
	GlobalSection(ProjectConfigurationPlatforms) = postSolution
		{3131CB07-DF7B-427F-926A-9B0C0B8DF7AF}.Debug|Any CPU.ActiveCfg = Debug|Any CPU
		{3131CB07-DF7B-427F-926A-9B0C0B8DF7AF}.Debug|Any CPU.Build.0 = Debug|Any CPU
		{3131CB07-DF7B-427F-926A-9B0C0B8DF7AF}.Release|Any CPU.ActiveCfg = Release|Any CPU
		{3131CB07-DF7B-427F-926A-9B0C0B8DF7AF}.Release|Any CPU.Build.0 = Release|Any CPU
	EndGlobalSection
	GlobalSection(SolutionProperties) = preSolution
		HideSolutionNode = FALSE
	EndGlobalSection
	GlobalSection(ExtensibilityGlobals) = postSolution
		SolutionGuid = {9121CC84-8D15-4525-94EF-48D2CF2DAC80}
	EndGlobalSection
EndGlobal
