
Microsoft Visual Studio Solution File, Format Version 12.00
# Visual Studio Version 16
VisualStudioVersion = 16.0.31702.278
MinimumVisualStudioVersion = 10.0.40219.1
Project("{FAE04EC0-301F-11D3-BF4B-00C04F79EFBC}") = "For_6", "For_6\For_6.csproj", "{90EFCA20-6E66-4EEB-B4C5-0587B58D5461}"
EndProject
Global
	GlobalSection(SolutionConfigurationPlatforms) = preSolution
		Debug|Any CPU = Debug|Any CPU
		Release|Any CPU = Release|Any CPU
	EndGlobalSection
	GlobalSection(ProjectConfigurationPlatforms) = postSolution
		{90EFCA20-6E66-4EEB-B4C5-0587B58D5461}.Debug|Any CPU.ActiveCfg = Debug|Any CPU
		{90EFCA20-6E66-4EEB-B4C5-0587B58D5461}.Debug|Any CPU.Build.0 = Debug|Any CPU
		{90EFCA20-6E66-4EEB-B4C5-0587B58D5461}.Release|Any CPU.ActiveCfg = Release|Any CPU
		{90EFCA20-6E66-4EEB-B4C5-0587B58D5461}.Release|Any CPU.Build.0 = Release|Any CPU
	EndGlobalSection
	GlobalSection(SolutionProperties) = preSolution
		HideSolutionNode = FALSE
	EndGlobalSection
	GlobalSection(ExtensibilityGlobals) = postSolution
		SolutionGuid = {62C995C8-E5CF-4070-A52E-D78417641B31}
	EndGlobalSection
EndGlobal
