
Microsoft Visual Studio Solution File, Format Version 12.00
# Visual Studio Version 16
VisualStudioVersion = 16.0.31702.278
MinimumVisualStudioVersion = 10.0.40219.1
Project("{FAE04EC0-301F-11D3-BF4B-00C04F79EFBC}") = "Array_3", "Array_3\Array_3.csproj", "{6A582612-291F-44CF-B02E-A53534614A51}"
EndProject
Global
	GlobalSection(SolutionConfigurationPlatforms) = preSolution
		Debug|Any CPU = Debug|Any CPU
		Release|Any CPU = Release|Any CPU
	EndGlobalSection
	GlobalSection(ProjectConfigurationPlatforms) = postSolution
		{6A582612-291F-44CF-B02E-A53534614A51}.Debug|Any CPU.ActiveCfg = Debug|Any CPU
		{6A582612-291F-44CF-B02E-A53534614A51}.Debug|Any CPU.Build.0 = Debug|Any CPU
		{6A582612-291F-44CF-B02E-A53534614A51}.Release|Any CPU.ActiveCfg = Release|Any CPU
		{6A582612-291F-44CF-B02E-A53534614A51}.Release|Any CPU.Build.0 = Release|Any CPU
	EndGlobalSection
	GlobalSection(SolutionProperties) = preSolution
		HideSolutionNode = FALSE
	EndGlobalSection
	GlobalSection(ExtensibilityGlobals) = postSolution
		SolutionGuid = {1133FC26-9353-405D-9204-CAEF20715D1F}
	EndGlobalSection
EndGlobal
