
Microsoft Visual Studio Solution File, Format Version 12.00
# Visual Studio Version 16
VisualStudioVersion = 16.0.31702.278
MinimumVisualStudioVersion = 10.0.40219.1
Project("{FAE04EC0-301F-11D3-BF4B-00C04F79EFBC}") = "CCW_11758", "CCW_11758\CCW_11758.csproj", "{05BAFD83-71C3-438C-924E-0E890FB3D14C}"
EndProject
Global
	GlobalSection(SolutionConfigurationPlatforms) = preSolution
		Debug|Any CPU = Debug|Any CPU
		Release|Any CPU = Release|Any CPU
	EndGlobalSection
	GlobalSection(ProjectConfigurationPlatforms) = postSolution
		{05BAFD83-71C3-438C-924E-0E890FB3D14C}.Debug|Any CPU.ActiveCfg = Debug|Any CPU
		{05BAFD83-71C3-438C-924E-0E890FB3D14C}.Debug|Any CPU.Build.0 = Debug|Any CPU
		{05BAFD83-71C3-438C-924E-0E890FB3D14C}.Release|Any CPU.ActiveCfg = Release|Any CPU
		{05BAFD83-71C3-438C-924E-0E890FB3D14C}.Release|Any CPU.Build.0 = Release|Any CPU
	EndGlobalSection
	GlobalSection(SolutionProperties) = preSolution
		HideSolutionNode = FALSE
	EndGlobalSection
	GlobalSection(ExtensibilityGlobals) = postSolution
		SolutionGuid = {5C4C95E5-1DE7-469E-A60E-BEF6437129BE}
	EndGlobalSection
EndGlobal
