
Microsoft Visual Studio Solution File, Format Version 12.00
# Visual Studio Version 16
VisualStudioVersion = 16.0.31702.278
MinimumVisualStudioVersion = 10.0.40219.1
Project("{FAE04EC0-301F-11D3-BF4B-00C04F79EFBC}") = "Array_1", "Array_1\Array_1.csproj", "{81DD5003-3B72-475E-965A-64C1450AD590}"
EndProject
Global
	GlobalSection(SolutionConfigurationPlatforms) = preSolution
		Debug|Any CPU = Debug|Any CPU
		Release|Any CPU = Release|Any CPU
	EndGlobalSection
	GlobalSection(ProjectConfigurationPlatforms) = postSolution
		{81DD5003-3B72-475E-965A-64C1450AD590}.Debug|Any CPU.ActiveCfg = Debug|Any CPU
		{81DD5003-3B72-475E-965A-64C1450AD590}.Debug|Any CPU.Build.0 = Debug|Any CPU
		{81DD5003-3B72-475E-965A-64C1450AD590}.Release|Any CPU.ActiveCfg = Release|Any CPU
		{81DD5003-3B72-475E-965A-64C1450AD590}.Release|Any CPU.Build.0 = Release|Any CPU
	EndGlobalSection
	GlobalSection(SolutionProperties) = preSolution
		HideSolutionNode = FALSE
	EndGlobalSection
	GlobalSection(ExtensibilityGlobals) = postSolution
		SolutionGuid = {36D77C55-A972-40A9-A823-A459F75D1DA1}
	EndGlobalSection
EndGlobal
