
Microsoft Visual Studio Solution File, Format Version 12.00
# Visual Studio Version 16
VisualStudioVersion = 16.0.31702.278
MinimumVisualStudioVersion = 10.0.40219.1
Project("{FAE04EC0-301F-11D3-BF4B-00C04F79EFBC}") = "While_1", "While_1\While_1.csproj", "{4A208FB0-6FA8-4594-8486-8682F47F7740}"
EndProject
Global
	GlobalSection(SolutionConfigurationPlatforms) = preSolution
		Debug|Any CPU = Debug|Any CPU
		Release|Any CPU = Release|Any CPU
	EndGlobalSection
	GlobalSection(ProjectConfigurationPlatforms) = postSolution
		{4A208FB0-6FA8-4594-8486-8682F47F7740}.Debug|Any CPU.ActiveCfg = Debug|Any CPU
		{4A208FB0-6FA8-4594-8486-8682F47F7740}.Debug|Any CPU.Build.0 = Debug|Any CPU
		{4A208FB0-6FA8-4594-8486-8682F47F7740}.Release|Any CPU.ActiveCfg = Release|Any CPU
		{4A208FB0-6FA8-4594-8486-8682F47F7740}.Release|Any CPU.Build.0 = Release|Any CPU
	EndGlobalSection
	GlobalSection(SolutionProperties) = preSolution
		HideSolutionNode = FALSE
	EndGlobalSection
	GlobalSection(ExtensibilityGlobals) = postSolution
		SolutionGuid = {716EC090-DAC0-40F1-8D47-CB04533AD428}
	EndGlobalSection
EndGlobal
